
Microsoft Visual Studio Solution File, Format Version 12.00
# Visual Studio 15
VisualStudioVersion = 15.0.27130.2003
MinimumVisualStudioVersion = 10.0.40219.1
Project("{FAE04EC0-301F-11D3-BF4B-00C04F79EFBC}") = "TaskSimpleService", "TaskSimpleService\TaskSimpleService.csproj", "{EA5D78F5-E9FA-45B8-A719-7243B6BEE9A3}"
EndProject
Global
	GlobalSection(SolutionConfigurationPlatforms) = preSolution
		Debug|Any CPU = Debug|Any CPU
		Release|Any CPU = Release|Any CPU
	EndGlobalSection
	GlobalSection(ProjectConfigurationPlatforms) = postSolution
		{EA5D78F5-E9FA-45B8-A719-7243B6BEE9A3}.Debug|Any CPU.ActiveCfg = Debug|Any CPU
		{EA5D78F5-E9FA-45B8-A719-7243B6BEE9A3}.Debug|Any CPU.Build.0 = Debug|Any CPU
		{EA5D78F5-E9FA-45B8-A719-7243B6BEE9A3}.Release|Any CPU.ActiveCfg = Release|Any CPU
		{EA5D78F5-E9FA-45B8-A719-7243B6BEE9A3}.Release|Any CPU.Build.0 = Release|Any CPU
	EndGlobalSection
	GlobalSection(SolutionProperties) = preSolution
		HideSolutionNode = FALSE
	EndGlobalSection
	GlobalSection(ExtensibilityGlobals) = postSolution
		SolutionGuid = {5463E1FE-48D9-4552-99F8-5937F06910A0}
	EndGlobalSection
EndGlobal
